
Microsoft Visual Studio Solution File, Format Version 12.00
Project("{FAE04EC0-301F-11D3-BF4B-00C04F79EFBC}") = "Hw3", "Hw3\Hw3.csproj", "{5CF3C2D8-73AD-47BA-806D-34FC6F6E2197}"
EndProject
Project("{FAE04EC0-301F-11D3-BF4B-00C04F79EFBC}") = "Hw2", "Hw2\Hw2.csproj", "{2E72C6C3-9271-4C63-95C4-4BA26866639F}"
EndProject
Project("{FAE04EC0-301F-11D3-BF4B-00C04F79EFBC}") = "Hw4_1", "Hw4_1\Hw4_1.csproj", "{7CEEB92D-F854-4881-AFBD-29C2E2279B14}"
EndProject
Project("{FAE04EC0-301F-11D3-BF4B-00C04F79EFBC}") = "Hw4_3", "Hw4_3\Hw4_3.csproj", "{CE824577-9526-458C-B9C2-181C64A0E1C4}"
EndProject
Project("{FAE04EC0-301F-11D3-BF4B-00C04F79EFBC}") = "Hw4_3Tests", "Hw4_3Tests\Hw4_3Tests.csproj", "{3B0358FA-DA51-4D19-8B6C-3D50A0320F88}"
EndProject
Project("{FAE04EC0-301F-11D3-BF4B-00C04F79EFBC}") = "Hw4_2", "Hw4_2\Hw4_2.csproj", "{B623C17B-B7EE-4334-ABFB-F4150652E655}"
EndProject
Project("{FAE04EC0-301F-11D3-BF4B-00C04F79EFBC}") = "Hw5", "Hw5\Hw5.csproj", "{779845EC-4A3E-43AF-B63A-3B6B70986944}"
EndProject
Project("{FAE04EC0-301F-11D3-BF4B-00C04F79EFBC}") = "Hw5Test", "Hw5Test\Hw5Test.csproj", "{0274B5E1-39BD-4E6D-8437-6B36DAFBD08B}"
EndProject
Project("{FAE04EC0-301F-11D3-BF4B-00C04F79EFBC}") = "Hw6", "Hw6\Hw6.csproj", "{46920884-827D-4A70-A8F0-41281BBCFAD3}"
EndProject
Project("{FAE04EC0-301F-11D3-BF4B-00C04F79EFBC}") = "Hw7", "Hw7\Hw7.csproj", "{D71CEB3B-DFF5-475B-A999-B3D226FA8354}"
EndProject
Project("{FAE04EC0-301F-11D3-BF4B-00C04F79EFBC}") = "ConsoleApp1", "ConsoleApp1\ConsoleApp1.csproj", "{5009A224-8836-4C0B-A0C5-B55F9B477FD9}"
EndProject
Project("{FAE04EC0-301F-11D3-BF4B-00C04F79EFBC}") = "Hw7Test", "Hw7Test\Hw7Test.csproj", "{7B5F2C06-61FC-4680-8674-B27479A74FFA}"
EndProject
Project("{FAE04EC0-301F-11D3-BF4B-00C04F79EFBC}") = "Hw8", "Hw8\Hw8.csproj", "{2B4A5259-D29C-4492-A041-6205DE734389}"
EndProject
Global
	GlobalSection(SolutionConfigurationPlatforms) = preSolution
		Debug|Any CPU = Debug|Any CPU
		Release|Any CPU = Release|Any CPU
	EndGlobalSection
	GlobalSection(ProjectConfigurationPlatforms) = postSolution
		{5CF3C2D8-73AD-47BA-806D-34FC6F6E2197}.Debug|Any CPU.ActiveCfg = Debug|Any CPU
		{5CF3C2D8-73AD-47BA-806D-34FC6F6E2197}.Debug|Any CPU.Build.0 = Debug|Any CPU
		{5CF3C2D8-73AD-47BA-806D-34FC6F6E2197}.Release|Any CPU.ActiveCfg = Release|Any CPU
		{5CF3C2D8-73AD-47BA-806D-34FC6F6E2197}.Release|Any CPU.Build.0 = Release|Any CPU
		{2E72C6C3-9271-4C63-95C4-4BA26866639F}.Debug|Any CPU.ActiveCfg = Debug|Any CPU
		{2E72C6C3-9271-4C63-95C4-4BA26866639F}.Debug|Any CPU.Build.0 = Debug|Any CPU
		{2E72C6C3-9271-4C63-95C4-4BA26866639F}.Release|Any CPU.ActiveCfg = Release|Any CPU
		{2E72C6C3-9271-4C63-95C4-4BA26866639F}.Release|Any CPU.Build.0 = Release|Any CPU
		{7CEEB92D-F854-4881-AFBD-29C2E2279B14}.Debug|Any CPU.ActiveCfg = Debug|Any CPU
		{7CEEB92D-F854-4881-AFBD-29C2E2279B14}.Debug|Any CPU.Build.0 = Debug|Any CPU
		{7CEEB92D-F854-4881-AFBD-29C2E2279B14}.Release|Any CPU.ActiveCfg = Release|Any CPU
		{7CEEB92D-F854-4881-AFBD-29C2E2279B14}.Release|Any CPU.Build.0 = Release|Any CPU
		{CE824577-9526-458C-B9C2-181C64A0E1C4}.Debug|Any CPU.ActiveCfg = Debug|Any CPU
		{CE824577-9526-458C-B9C2-181C64A0E1C4}.Debug|Any CPU.Build.0 = Debug|Any CPU
		{CE824577-9526-458C-B9C2-181C64A0E1C4}.Release|Any CPU.ActiveCfg = Release|Any CPU
		{CE824577-9526-458C-B9C2-181C64A0E1C4}.Release|Any CPU.Build.0 = Release|Any CPU
		{3B0358FA-DA51-4D19-8B6C-3D50A0320F88}.Debug|Any CPU.ActiveCfg = Debug|Any CPU
		{3B0358FA-DA51-4D19-8B6C-3D50A0320F88}.Debug|Any CPU.Build.0 = Debug|Any CPU
		{3B0358FA-DA51-4D19-8B6C-3D50A0320F88}.Release|Any CPU.ActiveCfg = Release|Any CPU
		{3B0358FA-DA51-4D19-8B6C-3D50A0320F88}.Release|Any CPU.Build.0 = Release|Any CPU
		{B623C17B-B7EE-4334-ABFB-F4150652E655}.Debug|Any CPU.ActiveCfg = Debug|Any CPU
		{B623C17B-B7EE-4334-ABFB-F4150652E655}.Debug|Any CPU.Build.0 = Debug|Any CPU
		{B623C17B-B7EE-4334-ABFB-F4150652E655}.Release|Any CPU.ActiveCfg = Release|Any CPU
		{B623C17B-B7EE-4334-ABFB-F4150652E655}.Release|Any CPU.Build.0 = Release|Any CPU
		{779845EC-4A3E-43AF-B63A-3B6B70986944}.Debug|Any CPU.ActiveCfg = Debug|Any CPU
		{779845EC-4A3E-43AF-B63A-3B6B70986944}.Debug|Any CPU.Build.0 = Debug|Any CPU
		{779845EC-4A3E-43AF-B63A-3B6B70986944}.Release|Any CPU.ActiveCfg = Release|Any CPU
		{779845EC-4A3E-43AF-B63A-3B6B70986944}.Release|Any CPU.Build.0 = Release|Any CPU
		{0274B5E1-39BD-4E6D-8437-6B36DAFBD08B}.Debug|Any CPU.ActiveCfg = Debug|Any CPU
		{0274B5E1-39BD-4E6D-8437-6B36DAFBD08B}.Debug|Any CPU.Build.0 = Debug|Any CPU
		{0274B5E1-39BD-4E6D-8437-6B36DAFBD08B}.Release|Any CPU.ActiveCfg = Release|Any CPU
		{0274B5E1-39BD-4E6D-8437-6B36DAFBD08B}.Release|Any CPU.Build.0 = Release|Any CPU
		{46920884-827D-4A70-A8F0-41281BBCFAD3}.Debug|Any CPU.ActiveCfg = Debug|Any CPU
		{46920884-827D-4A70-A8F0-41281BBCFAD3}.Debug|Any CPU.Build.0 = Debug|Any CPU
		{46920884-827D-4A70-A8F0-41281BBCFAD3}.Release|Any CPU.ActiveCfg = Release|Any CPU
		{46920884-827D-4A70-A8F0-41281BBCFAD3}.Release|Any CPU.Build.0 = Release|Any CPU
		{D71CEB3B-DFF5-475B-A999-B3D226FA8354}.Debug|Any CPU.ActiveCfg = Debug|Any CPU
		{D71CEB3B-DFF5-475B-A999-B3D226FA8354}.Debug|Any CPU.Build.0 = Debug|Any CPU
		{D71CEB3B-DFF5-475B-A999-B3D226FA8354}.Release|Any CPU.ActiveCfg = Release|Any CPU
		{D71CEB3B-DFF5-475B-A999-B3D226FA8354}.Release|Any CPU.Build.0 = Release|Any CPU
		{5009A224-8836-4C0B-A0C5-B55F9B477FD9}.Debug|Any CPU.ActiveCfg = Debug|Any CPU
		{5009A224-8836-4C0B-A0C5-B55F9B477FD9}.Debug|Any CPU.Build.0 = Debug|Any CPU
		{5009A224-8836-4C0B-A0C5-B55F9B477FD9}.Release|Any CPU.ActiveCfg = Release|Any CPU
		{5009A224-8836-4C0B-A0C5-B55F9B477FD9}.Release|Any CPU.Build.0 = Release|Any CPU
		{7B5F2C06-61FC-4680-8674-B27479A74FFA}.Debug|Any CPU.ActiveCfg = Debug|Any CPU
		{7B5F2C06-61FC-4680-8674-B27479A74FFA}.Debug|Any CPU.Build.0 = Debug|Any CPU
		{7B5F2C06-61FC-4680-8674-B27479A74FFA}.Release|Any CPU.ActiveCfg = Release|Any CPU
		{7B5F2C06-61FC-4680-8674-B27479A74FFA}.Release|Any CPU.Build.0 = Release|Any CPU
		{2B4A5259-D29C-4492-A041-6205DE734389}.Debug|Any CPU.ActiveCfg = Debug|Any CPU
		{2B4A5259-D29C-4492-A041-6205DE734389}.Debug|Any CPU.Build.0 = Debug|Any CPU
		{2B4A5259-D29C-4492-A041-6205DE734389}.Release|Any CPU.ActiveCfg = Release|Any CPU
		{2B4A5259-D29C-4492-A041-6205DE734389}.Release|Any CPU.Build.0 = Release|Any CPU
	EndGlobalSection
EndGlobal
