
Microsoft Visual Studio Solution File, Format Version 12.00
Project("{FAE04EC0-301F-11D3-BF4B-00C04F79EFBC}") = "Hw2", "Hw2\Hw2.csproj", "{ABA5F410-FA52-4633-9864-F5BD60D78CB9}"
EndProject
Global
	GlobalSection(SolutionConfigurationPlatforms) = preSolution
		Debug|Any CPU = Debug|Any CPU
		Release|Any CPU = Release|Any CPU
	EndGlobalSection
	GlobalSection(ProjectConfigurationPlatforms) = postSolution
		{ABA5F410-FA52-4633-9864-F5BD60D78CB9}.Debug|Any CPU.ActiveCfg = Debug|Any CPU
		{ABA5F410-FA52-4633-9864-F5BD60D78CB9}.Debug|Any CPU.Build.0 = Debug|Any CPU
		{ABA5F410-FA52-4633-9864-F5BD60D78CB9}.Release|Any CPU.ActiveCfg = Release|Any CPU
		{ABA5F410-FA52-4633-9864-F5BD60D78CB9}.Release|Any CPU.Build.0 = Release|Any CPU
	EndGlobalSection
EndGlobal
